
Microsoft Visual Studio Solution File, Format Version 12.00
# Visual Studio Version 16
VisualStudioVersion = 16.0.30413.136
MinimumVisualStudioVersion = 15.0.26124.0
Project("{9A19103F-16F7-4668-BE54-9A1E7A4F7556}") = "DesignPatterns.Singleton", "Singleton\DesignPatterns.Singleton.csproj", "{752160B8-0317-49CE-80CB-B860B3781232}"
EndProject
Project("{FAE04EC0-301F-11D3-BF4B-00C04F79EFBC}") = "DesignPatterns.Multiton", "DesignPatterns.Multiton\DesignPatterns.Multiton.csproj", "{B7321F34-A759-4F61-A9B5-2CE942F6138E}"
EndProject
Project("{FAE04EC0-301F-11D3-BF4B-00C04F79EFBC}") = "DesignPatterns.AbstractFactory", "DesignPatterns.AbstractFactory\DesignPatterns.AbstractFactory.csproj", "{3A1DA01A-47B9-4704-BA0C-77F05B1D1EAA}"
EndProject
Project("{FAE04EC0-301F-11D3-BF4B-00C04F79EFBC}") = "DesignPatterns.FactoryMethod", "DesignPatterns.FactoryMethod\DesignPatterns.FactoryMethod.csproj", "{474DC68F-A1D2-4859-8AB5-46FB001011CB}"
EndProject
Global
	GlobalSection(SolutionConfigurationPlatforms) = preSolution
		Debug|Any CPU = Debug|Any CPU
		Debug|x64 = Debug|x64
		Debug|x86 = Debug|x86
		Release|Any CPU = Release|Any CPU
		Release|x64 = Release|x64
		Release|x86 = Release|x86
	EndGlobalSection
	GlobalSection(ProjectConfigurationPlatforms) = postSolution
		{752160B8-0317-49CE-80CB-B860B3781232}.Debug|Any CPU.ActiveCfg = Debug|Any CPU
		{752160B8-0317-49CE-80CB-B860B3781232}.Debug|Any CPU.Build.0 = Debug|Any CPU
		{752160B8-0317-49CE-80CB-B860B3781232}.Debug|x64.ActiveCfg = Debug|Any CPU
		{752160B8-0317-49CE-80CB-B860B3781232}.Debug|x64.Build.0 = Debug|Any CPU
		{752160B8-0317-49CE-80CB-B860B3781232}.Debug|x86.ActiveCfg = Debug|Any CPU
		{752160B8-0317-49CE-80CB-B860B3781232}.Debug|x86.Build.0 = Debug|Any CPU
		{752160B8-0317-49CE-80CB-B860B3781232}.Release|Any CPU.ActiveCfg = Release|Any CPU
		{752160B8-0317-49CE-80CB-B860B3781232}.Release|Any CPU.Build.0 = Release|Any CPU
		{752160B8-0317-49CE-80CB-B860B3781232}.Release|x64.ActiveCfg = Release|Any CPU
		{752160B8-0317-49CE-80CB-B860B3781232}.Release|x64.Build.0 = Release|Any CPU
		{752160B8-0317-49CE-80CB-B860B3781232}.Release|x86.ActiveCfg = Release|Any CPU
		{752160B8-0317-49CE-80CB-B860B3781232}.Release|x86.Build.0 = Release|Any CPU
		{B7321F34-A759-4F61-A9B5-2CE942F6138E}.Debug|Any CPU.ActiveCfg = Debug|Any CPU
		{B7321F34-A759-4F61-A9B5-2CE942F6138E}.Debug|Any CPU.Build.0 = Debug|Any CPU
		{B7321F34-A759-4F61-A9B5-2CE942F6138E}.Debug|x64.ActiveCfg = Debug|Any CPU
		{B7321F34-A759-4F61-A9B5-2CE942F6138E}.Debug|x64.Build.0 = Debug|Any CPU
		{B7321F34-A759-4F61-A9B5-2CE942F6138E}.Debug|x86.ActiveCfg = Debug|Any CPU
		{B7321F34-A759-4F61-A9B5-2CE942F6138E}.Debug|x86.Build.0 = Debug|Any CPU
		{B7321F34-A759-4F61-A9B5-2CE942F6138E}.Release|Any CPU.ActiveCfg = Release|Any CPU
		{B7321F34-A759-4F61-A9B5-2CE942F6138E}.Release|Any CPU.Build.0 = Release|Any CPU
		{B7321F34-A759-4F61-A9B5-2CE942F6138E}.Release|x64.ActiveCfg = Release|Any CPU
		{B7321F34-A759-4F61-A9B5-2CE942F6138E}.Release|x64.Build.0 = Release|Any CPU
		{B7321F34-A759-4F61-A9B5-2CE942F6138E}.Release|x86.ActiveCfg = Release|Any CPU
		{B7321F34-A759-4F61-A9B5-2CE942F6138E}.Release|x86.Build.0 = Release|Any CPU
		{3A1DA01A-47B9-4704-BA0C-77F05B1D1EAA}.Debug|Any CPU.ActiveCfg = Debug|Any CPU
		{3A1DA01A-47B9-4704-BA0C-77F05B1D1EAA}.Debug|Any CPU.Build.0 = Debug|Any CPU
		{3A1DA01A-47B9-4704-BA0C-77F05B1D1EAA}.Debug|x64.ActiveCfg = Debug|Any CPU
		{3A1DA01A-47B9-4704-BA0C-77F05B1D1EAA}.Debug|x64.Build.0 = Debug|Any CPU
		{3A1DA01A-47B9-4704-BA0C-77F05B1D1EAA}.Debug|x86.ActiveCfg = Debug|Any CPU
		{3A1DA01A-47B9-4704-BA0C-77F05B1D1EAA}.Debug|x86.Build.0 = Debug|Any CPU
		{3A1DA01A-47B9-4704-BA0C-77F05B1D1EAA}.Release|Any CPU.ActiveCfg = Release|Any CPU
		{3A1DA01A-47B9-4704-BA0C-77F05B1D1EAA}.Release|Any CPU.Build.0 = Release|Any CPU
		{3A1DA01A-47B9-4704-BA0C-77F05B1D1EAA}.Release|x64.ActiveCfg = Release|Any CPU
		{3A1DA01A-47B9-4704-BA0C-77F05B1D1EAA}.Release|x64.Build.0 = Release|Any CPU
		{3A1DA01A-47B9-4704-BA0C-77F05B1D1EAA}.Release|x86.ActiveCfg = Release|Any CPU
		{3A1DA01A-47B9-4704-BA0C-77F05B1D1EAA}.Release|x86.Build.0 = Release|Any CPU
		{474DC68F-A1D2-4859-8AB5-46FB001011CB}.Debug|Any CPU.ActiveCfg = Debug|Any CPU
		{474DC68F-A1D2-4859-8AB5-46FB001011CB}.Debug|Any CPU.Build.0 = Debug|Any CPU
		{474DC68F-A1D2-4859-8AB5-46FB001011CB}.Debug|x64.ActiveCfg = Debug|Any CPU
		{474DC68F-A1D2-4859-8AB5-46FB001011CB}.Debug|x64.Build.0 = Debug|Any CPU
		{474DC68F-A1D2-4859-8AB5-46FB001011CB}.Debug|x86.ActiveCfg = Debug|Any CPU
		{474DC68F-A1D2-4859-8AB5-46FB001011CB}.Debug|x86.Build.0 = Debug|Any CPU
		{474DC68F-A1D2-4859-8AB5-46FB001011CB}.Release|Any CPU.ActiveCfg = Release|Any CPU
		{474DC68F-A1D2-4859-8AB5-46FB001011CB}.Release|Any CPU.Build.0 = Release|Any CPU
		{474DC68F-A1D2-4859-8AB5-46FB001011CB}.Release|x64.ActiveCfg = Release|Any CPU
		{474DC68F-A1D2-4859-8AB5-46FB001011CB}.Release|x64.Build.0 = Release|Any CPU
		{474DC68F-A1D2-4859-8AB5-46FB001011CB}.Release|x86.ActiveCfg = Release|Any CPU
		{474DC68F-A1D2-4859-8AB5-46FB001011CB}.Release|x86.Build.0 = Release|Any CPU
	EndGlobalSection
	GlobalSection(SolutionProperties) = preSolution
		HideSolutionNode = FALSE
	EndGlobalSection
	GlobalSection(ExtensibilityGlobals) = postSolution
		SolutionGuid = {609AA72A-DD1A-4C99-8368-CC3BEC5F09A9}
	EndGlobalSection
EndGlobal
